// !$*UTF8*$!
{
	archiveVersion = 1;
	classes = {
	};
	objectVersion = 46;
	objects = {

/* Begin PBXBuildFile section */
		530441671DB5DFE60011BDF5 /* BooksViewController.swift in Sources */ = {isa = PBXBuildFile; fileRef = 530441661DB5DFE60011BDF5 /* BooksViewController.swift */; };
		530441691DB5DFEE0011BDF5 /* Constants.swift in Sources */ = {isa = PBXBuildFile; fileRef = 530441681DB5DFEE0011BDF5 /* Constants.swift */; };
		5304416B1DB5DFFE0011BDF5 /* BookTableViewCell.swift in Sources */ = {isa = PBXBuildFile; fileRef = 5304416A1DB5DFFE0011BDF5 /* BookTableViewCell.swift */; };
		5304416D1DB5E3120011BDF5 /* BookDetailViewController.swift in Sources */ = {isa = PBXBuildFile; fileRef = 5304416C1DB5E3120011BDF5 /* BookDetailViewController.swift */; };
		5304416F1DB5E32F0011BDF5 /* AddBookViewController.swift in Sources */ = {isa = PBXBuildFile; fileRef = 5304416E1DB5E32F0011BDF5 /* AddBookViewController.swift */; };
		530441731DB5FB890011BDF5 /* BooksRequester.swift in Sources */ = {isa = PBXBuildFile; fileRef = 530441721DB5FB890011BDF5 /* BooksRequester.swift */; };
		5325FEA31DB694BA0022E0C3 /* Book.swift in Sources */ = {isa = PBXBuildFile; fileRef = 5325FEA21DB694BA0022E0C3 /* Book.swift */; };
		5325FEA51DB6984F0022E0C3 /* BookStatus.swift in Sources */ = {isa = PBXBuildFile; fileRef = 5325FEA41DB6984F0022E0C3 /* BookStatus.swift */; };
		5326ED171DB6E6DC0039C41B /* Alert.swift in Sources */ = {isa = PBXBuildFile; fileRef = 5326ED161DB6E6DC0039C41B /* Alert.swift */; };
		53B17B001DB5DF1E00B8D448 /* AppDelegate.swift in Sources */ = {isa = PBXBuildFile; fileRef = 53B17AFF1DB5DF1E00B8D448 /* AppDelegate.swift */; };
		53B17B051DB5DF1E00B8D448 /* Main.storyboard in Resources */ = {isa = PBXBuildFile; fileRef = 53B17B031DB5DF1E00B8D448 /* Main.storyboard */; };
		53B17B071DB5DF1E00B8D448 /* Assets.xcassets in Resources */ = {isa = PBXBuildFile; fileRef = 53B17B061DB5DF1E00B8D448 /* Assets.xcassets */; };
		53B17B0A1DB5DF1E00B8D448 /* LaunchScreen.storyboard in Resources */ = {isa = PBXBuildFile; fileRef = 53B17B081DB5DF1E00B8D448 /* LaunchScreen.storyboard */; };
		53B17B151DB5DF1F00B8D448 /* ProlificLibraryTests.swift in Sources */ = {isa = PBXBuildFile; fileRef = 53B17B141DB5DF1F00B8D448 /* ProlificLibraryTests.swift */; };
		D93B9D76577E33E60E9C41E1 /* Pods_ProlificLibraryTests.framework in Frameworks */ = {isa = PBXBuildFile; fileRef = EC5E4B9D0403B60048AB6CE0 /* Pods_ProlificLibraryTests.framework */; };
		E951780996DD320DB33AE7CD /* Pods_ProlificLibrary.framework in Frameworks */ = {isa = PBXBuildFile; fileRef = 93094B962FE5B1D5F95C29CE /* Pods_ProlificLibrary.framework */; };
/* End PBXBuildFile section */

/* Begin PBXContainerItemProxy section */
		53B17B111DB5DF1E00B8D448 /* PBXContainerItemProxy */ = {
			isa = PBXContainerItemProxy;
			containerPortal = 53B17AF41DB5DF1E00B8D448 /* Project object */;
			proxyType = 1;
			remoteGlobalIDString = 53B17AFB1DB5DF1E00B8D448;
			remoteInfo = ProlificLibrary;
		};
/* End PBXContainerItemProxy section */

/* Begin PBXFileReference section */
		530441661DB5DFE60011BDF5 /* BooksViewController.swift */ = {isa = PBXFileReference; fileEncoding = 4; lastKnownFileType = sourcecode.swift; path = BooksViewController.swift; sourceTree = "<group>"; };
		530441681DB5DFEE0011BDF5 /* Constants.swift */ = {isa = PBXFileReference; fileEncoding = 4; lastKnownFileType = sourcecode.swift; path = Constants.swift; sourceTree = "<group>"; };
		5304416A1DB5DFFE0011BDF5 /* BookTableViewCell.swift */ = {isa = PBXFileReference; fileEncoding = 4; lastKnownFileType = sourcecode.swift; path = BookTableViewCell.swift; sourceTree = "<group>"; };
		5304416C1DB5E3120011BDF5 /* BookDetailViewController.swift */ = {isa = PBXFileReference; fileEncoding = 4; lastKnownFileType = sourcecode.swift; path = BookDetailViewController.swift; sourceTree = "<group>"; };
		5304416E1DB5E32F0011BDF5 /* AddBookViewController.swift */ = {isa = PBXFileReference; fileEncoding = 4; lastKnownFileType = sourcecode.swift; path = AddBookViewController.swift; sourceTree = "<group>"; };
		530441721DB5FB890011BDF5 /* BooksRequester.swift */ = {isa = PBXFileReference; fileEncoding = 4; lastKnownFileType = sourcecode.swift; path = BooksRequester.swift; sourceTree = "<group>"; };
		5325FEA21DB694BA0022E0C3 /* Book.swift */ = {isa = PBXFileReference; fileEncoding = 4; lastKnownFileType = sourcecode.swift; path = Book.swift; sourceTree = "<group>"; };
		5325FEA41DB6984F0022E0C3 /* BookStatus.swift */ = {isa = PBXFileReference; fileEncoding = 4; lastKnownFileType = sourcecode.swift; path = BookStatus.swift; sourceTree = "<group>"; };
		5326ED161DB6E6DC0039C41B /* Alert.swift */ = {isa = PBXFileReference; fileEncoding = 4; lastKnownFileType = sourcecode.swift; path = Alert.swift; sourceTree = "<group>"; };
		53B17AFC1DB5DF1E00B8D448 /* ProlificLibrary.app */ = {isa = PBXFileReference; explicitFileType = wrapper.application; includeInIndex = 0; path = ProlificLibrary.app; sourceTree = BUILT_PRODUCTS_DIR; };
		53B17AFF1DB5DF1E00B8D448 /* AppDelegate.swift */ = {isa = PBXFileReference; lastKnownFileType = sourcecode.swift; path = AppDelegate.swift; sourceTree = "<group>"; };
		53B17B041DB5DF1E00B8D448 /* Base */ = {isa = PBXFileReference; lastKnownFileType = file.storyboard; name = Base; path = Base.lproj/Main.storyboard; sourceTree = "<group>"; };
		53B17B061DB5DF1E00B8D448 /* Assets.xcassets */ = {isa = PBXFileReference; lastKnownFileType = folder.assetcatalog; path = Assets.xcassets; sourceTree = "<group>"; };
		53B17B091DB5DF1E00B8D448 /* Base */ = {isa = PBXFileReference; lastKnownFileType = file.storyboard; name = Base; path = Base.lproj/LaunchScreen.storyboard; sourceTree = "<group>"; };
		53B17B0B1DB5DF1E00B8D448 /* Info.plist */ = {isa = PBXFileReference; lastKnownFileType = text.plist.xml; path = Info.plist; sourceTree = "<group>"; };
		53B17B101DB5DF1E00B8D448 /* ProlificLibraryTests.xctest */ = {isa = PBXFileReference; explicitFileType = wrapper.cfbundle; includeInIndex = 0; path = ProlificLibraryTests.xctest; sourceTree = BUILT_PRODUCTS_DIR; };
		53B17B141DB5DF1F00B8D448 /* ProlificLibraryTests.swift */ = {isa = PBXFileReference; lastKnownFileType = sourcecode.swift; path = ProlificLibraryTests.swift; sourceTree = "<group>"; };
		53B17B161DB5DF1F00B8D448 /* Info.plist */ = {isa = PBXFileReference; lastKnownFileType = text.plist.xml; path = Info.plist; sourceTree = "<group>"; };
		7E0908402F5741397366461D /* Pods-ProlificLibraryTests.release.xcconfig */ = {isa = PBXFileReference; includeInIndex = 1; lastKnownFileType = text.xcconfig; name = "Pods-ProlificLibraryTests.release.xcconfig"; path = "Pods/Target Support Files/Pods-ProlificLibraryTests/Pods-ProlificLibraryTests.release.xcconfig"; sourceTree = "<group>"; };
		8D76D7C73182C1CBED04C6D4 /* Pods-ProlificLibrary.debug.xcconfig */ = {isa = PBXFileReference; includeInIndex = 1; lastKnownFileType = text.xcconfig; name = "Pods-ProlificLibrary.debug.xcconfig"; path = "Pods/Target Support Files/Pods-ProlificLibrary/Pods-ProlificLibrary.debug.xcconfig"; sourceTree = "<group>"; };
		93094B962FE5B1D5F95C29CE /* Pods_ProlificLibrary.framework */ = {isa = PBXFileReference; explicitFileType = wrapper.framework; includeInIndex = 0; path = Pods_ProlificLibrary.framework; sourceTree = BUILT_PRODUCTS_DIR; };
		AB080BFD501AF63C86E12498 /* Pods-ProlificLibraryTests.debug.xcconfig */ = {isa = PBXFileReference; includeInIndex = 1; lastKnownFileType = text.xcconfig; name = "Pods-ProlificLibraryTests.debug.xcconfig"; path = "Pods/Target Support Files/Pods-ProlificLibraryTests/Pods-ProlificLibraryTests.debug.xcconfig"; sourceTree = "<group>"; };
		D3FBF35EA4C32152F2DF1EC5 /* Pods-ProlificLibrary.release.xcconfig */ = {isa = PBXFileReference; includeInIndex = 1; lastKnownFileType = text.xcconfig; name = "Pods-ProlificLibrary.release.xcconfig"; path = "Pods/Target Support Files/Pods-ProlificLibrary/Pods-ProlificLibrary.release.xcconfig"; sourceTree = "<group>"; };
		EC5E4B9D0403B60048AB6CE0 /* Pods_ProlificLibraryTests.framework */ = {isa = PBXFileReference; explicitFileType = wrapper.framework; includeInIndex = 0; path = Pods_ProlificLibraryTests.framework; sourceTree = BUILT_PRODUCTS_DIR; };
/* End PBXFileReference section */

/* Begin PBXFrameworksBuildPhase section */
		53B17AF91DB5DF1E00B8D448 /* Frameworks */ = {
			isa = PBXFrameworksBuildPhase;
			buildActionMask = 2147483647;
			files = (
				E951780996DD320DB33AE7CD /* Pods_ProlificLibrary.framework in Frameworks */,
			);
			runOnlyForDeploymentPostprocessing = 0;
		};
		53B17B0D1DB5DF1E00B8D448 /* Frameworks */ = {
			isa = PBXFrameworksBuildPhase;
			buildActionMask = 2147483647;
			files = (
				D93B9D76577E33E60E9C41E1 /* Pods_ProlificLibraryTests.framework in Frameworks */,
			);
			runOnlyForDeploymentPostprocessing = 0;
		};
/* End PBXFrameworksBuildPhase section */

/* Begin PBXGroup section */
		530441651DB5DFC50011BDF5 /* Supporting Files */ = {
			isa = PBXGroup;
			children = (
				53B17AFF1DB5DF1E00B8D448 /* AppDelegate.swift */,
				53B17B061DB5DF1E00B8D448 /* Assets.xcassets */,
				53B17B081DB5DF1E00B8D448 /* LaunchScreen.storyboard */,
				53B17B0B1DB5DF1E00B8D448 /* Info.plist */,
				5326ED151DB6E6570039C41B /* Extensions */,
			);
			name = "Supporting Files";
			sourceTree = "<group>";
		};
		530441701DB5E3350011BDF5 /* Controller */ = {
			isa = PBXGroup;
			children = (
				530441661DB5DFE60011BDF5 /* BooksViewController.swift */,
				5304416C1DB5E3120011BDF5 /* BookDetailViewController.swift */,
				5304416E1DB5E32F0011BDF5 /* AddBookViewController.swift */,
			);
			name = Controller;
			sourceTree = "<group>";
		};
		530441711DB5E33B0011BDF5 /* Model */ = {
			isa = PBXGroup;
			children = (
				5325FEA41DB6984F0022E0C3 /* BookStatus.swift */,
				5325FEA21DB694BA0022E0C3 /* Book.swift */,
				530441721DB5FB890011BDF5 /* BooksRequester.swift */,
			);
			name = Model;
			sourceTree = "<group>";
		};
		5325FE9F1DB693D50022E0C3 /* View */ = {
			isa = PBXGroup;
			children = (
				5304416A1DB5DFFE0011BDF5 /* BookTableViewCell.swift */,
			);
			name = View;
			sourceTree = "<group>";
		};
		5326ED151DB6E6570039C41B /* Extensions */ = {
			isa = PBXGroup;
			children = (
				5326ED161DB6E6DC0039C41B /* Alert.swift */,
			);
			name = Extensions;
			sourceTree = "<group>";
		};
		53B17AF31DB5DF1E00B8D448 = {
			isa = PBXGroup;
			children = (
				53B17AFE1DB5DF1E00B8D448 /* ProlificLibrary */,
				53B17B131DB5DF1E00B8D448 /* ProlificLibraryTests */,
				53B17AFD1DB5DF1E00B8D448 /* Products */,
				ECE9AAA6F6C47A84844A890B /* Pods */,
				ADE9BB04D5AEDFE600730E27 /* Frameworks */,
			);
			sourceTree = "<group>";
		};
		53B17AFD1DB5DF1E00B8D448 /* Products */ = {
			isa = PBXGroup;
			children = (
				53B17AFC1DB5DF1E00B8D448 /* ProlificLibrary.app */,
				53B17B101DB5DF1E00B8D448 /* ProlificLibraryTests.xctest */,
			);
			name = Products;
			sourceTree = "<group>";
		};
		53B17AFE1DB5DF1E00B8D448 /* ProlificLibrary */ = {
			isa = PBXGroup;
			children = (
				530441681DB5DFEE0011BDF5 /* Constants.swift */,
				53B17B031DB5DF1E00B8D448 /* Main.storyboard */,
				530441711DB5E33B0011BDF5 /* Model */,
				5325FE9F1DB693D50022E0C3 /* View */,
				530441701DB5E3350011BDF5 /* Controller */,
				530441651DB5DFC50011BDF5 /* Supporting Files */,
			);
			path = ProlificLibrary;
			sourceTree = "<group>";
		};
		53B17B131DB5DF1E00B8D448 /* ProlificLibraryTests */ = {
			isa = PBXGroup;
			children = (
				53B17B141DB5DF1F00B8D448 /* ProlificLibraryTests.swift */,
				53B17B161DB5DF1F00B8D448 /* Info.plist */,
			);
			path = ProlificLibraryTests;
			sourceTree = "<group>";
		};
		ADE9BB04D5AEDFE600730E27 /* Frameworks */ = {
			isa = PBXGroup;
			children = (
				93094B962FE5B1D5F95C29CE /* Pods_ProlificLibrary.framework */,
				EC5E4B9D0403B60048AB6CE0 /* Pods_ProlificLibraryTests.framework */,
			);
			name = Frameworks;
			sourceTree = "<group>";
		};
		ECE9AAA6F6C47A84844A890B /* Pods */ = {
			isa = PBXGroup;
			children = (
				8D76D7C73182C1CBED04C6D4 /* Pods-ProlificLibrary.debug.xcconfig */,
				D3FBF35EA4C32152F2DF1EC5 /* Pods-ProlificLibrary.release.xcconfig */,
				AB080BFD501AF63C86E12498 /* Pods-ProlificLibraryTests.debug.xcconfig */,
				7E0908402F5741397366461D /* Pods-ProlificLibraryTests.release.xcconfig */,
			);
			name = Pods;
			sourceTree = "<group>";
		};
/* End PBXGroup section */

/* Begin PBXNativeTarget section */
		53B17AFB1DB5DF1E00B8D448 /* ProlificLibrary */ = {
			isa = PBXNativeTarget;
			buildConfigurationList = 53B17B191DB5DF1F00B8D448 /* Build configuration list for PBXNativeTarget "ProlificLibrary" */;
			buildPhases = (
				8DBA4AB686FF991AF4DB8447 /* [CP] Check Pods Manifest.lock */,
				53B17AF81DB5DF1E00B8D448 /* Sources */,
				53B17AF91DB5DF1E00B8D448 /* Frameworks */,
				53B17AFA1DB5DF1E00B8D448 /* Resources */,
				47025EF5971F8BD33B04AAE6 /* [CP] Embed Pods Frameworks */,
				2FB59CB173C72C1C4D7009E6 /* [CP] Copy Pods Resources */,
			);
			buildRules = (
			);
			dependencies = (
			);
			name = ProlificLibrary;
			productName = ProlificLibrary;
			productReference = 53B17AFC1DB5DF1E00B8D448 /* ProlificLibrary.app */;
			productType = "com.apple.product-type.application";
		};
		53B17B0F1DB5DF1E00B8D448 /* ProlificLibraryTests */ = {
			isa = PBXNativeTarget;
			buildConfigurationList = 53B17B1C1DB5DF1F00B8D448 /* Build configuration list for PBXNativeTarget "ProlificLibraryTests" */;
			buildPhases = (
				8FE59AA8E3CD59B21CC8316D /* [CP] Check Pods Manifest.lock */,
				53B17B0C1DB5DF1E00B8D448 /* Sources */,
				53B17B0D1DB5DF1E00B8D448 /* Frameworks */,
				53B17B0E1DB5DF1E00B8D448 /* Resources */,
				10D6A34BA0E1B12A81A114F9 /* [CP] Embed Pods Frameworks */,
				A6386481EAA0ACB648C54D08 /* [CP] Copy Pods Resources */,
			);
			buildRules = (
			);
			dependencies = (
				53B17B121DB5DF1E00B8D448 /* PBXTargetDependency */,
			);
			name = ProlificLibraryTests;
			productName = ProlificLibraryTests;
			productReference = 53B17B101DB5DF1E00B8D448 /* ProlificLibraryTests.xctest */;
			productType = "com.apple.product-type.bundle.unit-test";
		};
/* End PBXNativeTarget section */

/* Begin PBXProject section */
		53B17AF41DB5DF1E00B8D448 /* Project object */ = {
			isa = PBXProject;
			attributes = {
				LastSwiftUpdateCheck = 0730;
				LastUpgradeCheck = 0730;
				ORGANIZATIONNAME = "Charles Kang";
				TargetAttributes = {
					53B17AFB1DB5DF1E00B8D448 = {
						CreatedOnToolsVersion = 7.3.1;
					};
					53B17B0F1DB5DF1E00B8D448 = {
						CreatedOnToolsVersion = 7.3.1;
						TestTargetID = 53B17AFB1DB5DF1E00B8D448;
					};
				};
			};
			buildConfigurationList = 53B17AF71DB5DF1E00B8D448 /* Build configuration list for PBXProject "ProlificLibrary" */;
			compatibilityVersion = "Xcode 3.2";
			developmentRegion = English;
			hasScannedForEncodings = 0;
			knownRegions = (
				en,
				Base,
			);
			mainGroup = 53B17AF31DB5DF1E00B8D448;
			productRefGroup = 53B17AFD1DB5DF1E00B8D448 /* Products */;
			projectDirPath = "";
			projectRoot = "";
			targets = (
				53B17AFB1DB5DF1E00B8D448 /* ProlificLibrary */,
				53B17B0F1DB5DF1E00B8D448 /* ProlificLibraryTests */,
			);
		};
/* End PBXProject section */

/* Begin PBXResourcesBuildPhase section */
		53B17AFA1DB5DF1E00B8D448 /* Resources */ = {
			isa = PBXResourcesBuildPhase;
			buildActionMask = 2147483647;
			files = (
				53B17B0A1DB5DF1E00B8D448 /* LaunchScreen.storyboard in Resources */,
				53B17B071DB5DF1E00B8D448 /* Assets.xcassets in Resources */,
				53B17B051DB5DF1E00B8D448 /* Main.storyboard in Resources */,
			);
			runOnlyForDeploymentPostprocessing = 0;
		};
		53B17B0E1DB5DF1E00B8D448 /* Resources */ = {
			isa = PBXResourcesBuildPhase;
			buildActionMask = 2147483647;
			files = (
			);
			runOnlyForDeploymentPostprocessing = 0;
		};
/* End PBXResourcesBuildPhase section */

/* Begin PBXShellScriptBuildPhase section */
		10D6A34BA0E1B12A81A114F9 /* [CP] Embed Pods Frameworks */ = {
			isa = PBXShellScriptBuildPhase;
			buildActionMask = 2147483647;
			files = (
			);
			inputPaths = (
			);
			name = "[CP] Embed Pods Frameworks";
			outputPaths = (
			);
			runOnlyForDeploymentPostprocessing = 0;
			shellPath = /bin/sh;
			shellScript = "\"${SRCROOT}/Pods/Target Support Files/Pods-ProlificLibraryTests/Pods-ProlificLibraryTests-frameworks.sh\"\n";
			showEnvVarsInLog = 0;
		};
		2FB59CB173C72C1C4D7009E6 /* [CP] Copy Pods Resources */ = {
			isa = PBXShellScriptBuildPhase;
			buildActionMask = 2147483647;
			files = (
			);
			inputPaths = (
			);
			name = "[CP] Copy Pods Resources";
			outputPaths = (
			);
			runOnlyForDeploymentPostprocessing = 0;
			shellPath = /bin/sh;
			shellScript = "\"${SRCROOT}/Pods/Target Support Files/Pods-ProlificLibrary/Pods-ProlificLibrary-resources.sh\"\n";
			showEnvVarsInLog = 0;
		};
		47025EF5971F8BD33B04AAE6 /* [CP] Embed Pods Frameworks */ = {
			isa = PBXShellScriptBuildPhase;
			buildActionMask = 2147483647;
			files = (
			);
			inputPaths = (
			);
			name = "[CP] Embed Pods Frameworks";
			outputPaths = (
			);
			runOnlyForDeploymentPostprocessing = 0;
			shellPath = /bin/sh;
			shellScript = "\"${SRCROOT}/Pods/Target Support Files/Pods-ProlificLibrary/Pods-ProlificLibrary-frameworks.sh\"\n";
			showEnvVarsInLog = 0;
		};
		8DBA4AB686FF991AF4DB8447 /* [CP] Check Pods Manifest.lock */ = {
			isa = PBXShellScriptBuildPhase;
			buildActionMask = 2147483647;
			files = (
			);
			inputPaths = (
			);
			name = "[CP] Check Pods Manifest.lock";
			outputPaths = (
			);
			runOnlyForDeploymentPostprocessing = 0;
			shellPath = /bin/sh;
			shellScript = "diff \"${PODS_ROOT}/../Podfile.lock\" \"${PODS_ROOT}/Manifest.lock\" > /dev/null\nif [[ $? != 0 ]] ; then\n    cat << EOM\nerror: The sandbox is not in sync with the Podfile.lock. Run 'pod install' or update your CocoaPods installation.\nEOM\n    exit 1\nfi\n";
			showEnvVarsInLog = 0;
		};
		8FE59AA8E3CD59B21CC8316D /* [CP] Check Pods Manifest.lock */ = {
			isa = PBXShellScriptBuildPhase;
			buildActionMask = 2147483647;
			files = (
			);
			inputPaths = (
			);
			name = "[CP] Check Pods Manifest.lock";
			outputPaths = (
			);
			runOnlyForDeploymentPostprocessing = 0;
			shellPath = /bin/sh;
			shellScript = "diff \"${PODS_ROOT}/../Podfile.lock\" \"${PODS_ROOT}/Manifest.lock\" > /dev/null\nif [[ $? != 0 ]] ; then\n    cat << EOM\nerror: The sandbox is not in sync with the Podfile.lock. Run 'pod install' or update your CocoaPods installation.\nEOM\n    exit 1\nfi\n";
			showEnvVarsInLog = 0;
		};
		A6386481EAA0ACB648C54D08 /* [CP] Copy Pods Resources */ = {
			isa = PBXShellScriptBuildPhase;
			buildActionMask = 2147483647;
			files = (
			);
			inputPaths = (
			);
			name = "[CP] Copy Pods Resources";
			outputPaths = (
			);
			runOnlyForDeploymentPostprocessing = 0;
			shellPath = /bin/sh;
			shellScript = "\"${SRCROOT}/Pods/Target Support Files/Pods-ProlificLibraryTests/Pods-ProlificLibraryTests-resources.sh\"\n";
			showEnvVarsInLog = 0;
		};
/* End PBXShellScriptBuildPhase section */

/* Begin PBXSourcesBuildPhase section */
		53B17AF81DB5DF1E00B8D448 /* Sources */ = {
			isa = PBXSourcesBuildPhase;
			buildActionMask = 2147483647;
			files = (
				5304416B1DB5DFFE0011BDF5 /* BookTableViewCell.swift in Sources */,
				5325FEA51DB6984F0022E0C3 /* BookStatus.swift in Sources */,
				5304416F1DB5E32F0011BDF5 /* AddBookViewController.swift in Sources */,
				53B17B001DB5DF1E00B8D448 /* AppDelegate.swift in Sources */,
				530441671DB5DFE60011BDF5 /* BooksViewController.swift in Sources */,
				5325FEA31DB694BA0022E0C3 /* Book.swift in Sources */,
				530441691DB5DFEE0011BDF5 /* Constants.swift in Sources */,
				5304416D1DB5E3120011BDF5 /* BookDetailViewController.swift in Sources */,
				5326ED171DB6E6DC0039C41B /* Alert.swift in Sources */,
				530441731DB5FB890011BDF5 /* BooksRequester.swift in Sources */,
			);
			runOnlyForDeploymentPostprocessing = 0;
		};
		53B17B0C1DB5DF1E00B8D448 /* Sources */ = {
			isa = PBXSourcesBuildPhase;
			buildActionMask = 2147483647;
			files = (
				53B17B151DB5DF1F00B8D448 /* ProlificLibraryTests.swift in Sources */,
			);
			runOnlyForDeploymentPostprocessing = 0;
		};
/* End PBXSourcesBuildPhase section */

/* Begin PBXTargetDependency section */
		53B17B121DB5DF1E00B8D448 /* PBXTargetDependency */ = {
			isa = PBXTargetDependency;
			target = 53B17AFB1DB5DF1E00B8D448 /* ProlificLibrary */;
			targetProxy = 53B17B111DB5DF1E00B8D448 /* PBXContainerItemProxy */;
		};
/* End PBXTargetDependency section */

/* Begin PBXVariantGroup section */
		53B17B031DB5DF1E00B8D448 /* Main.storyboard */ = {
			isa = PBXVariantGroup;
			children = (
				53B17B041DB5DF1E00B8D448 /* Base */,
			);
			name = Main.storyboard;
			sourceTree = "<group>";
		};
		53B17B081DB5DF1E00B8D448 /* LaunchScreen.storyboard */ = {
			isa = PBXVariantGroup;
			children = (
				53B17B091DB5DF1E00B8D448 /* Base */,
			);
			name = LaunchScreen.storyboard;
			sourceTree = "<group>";
		};
/* End PBXVariantGroup section */

/* Begin XCBuildConfiguration section */
		53B17B171DB5DF1F00B8D448 /* Debug */ = {
			isa = XCBuildConfiguration;
			buildSettings = {
				ALWAYS_SEARCH_USER_PATHS = NO;
				CLANG_ANALYZER_NONNULL = YES;
				CLANG_CXX_LANGUAGE_STANDARD = "gnu++0x";
				CLANG_CXX_LIBRARY = "libc++";
				CLANG_ENABLE_MODULES = YES;
				CLANG_ENABLE_OBJC_ARC = YES;
				CLANG_WARN_BOOL_CONVERSION = YES;
				CLANG_WARN_CONSTANT_CONVERSION = YES;
				CLANG_WARN_DIRECT_OBJC_ISA_USAGE = YES_ERROR;
				CLANG_WARN_EMPTY_BODY = YES;
				CLANG_WARN_ENUM_CONVERSION = YES;
				CLANG_WARN_INT_CONVERSION = YES;
				CLANG_WARN_OBJC_ROOT_CLASS = YES_ERROR;
				CLANG_WARN_UNREACHABLE_CODE = YES;
				CLANG_WARN__DUPLICATE_METHOD_MATCH = YES;
				"CODE_SIGN_IDENTITY[sdk=iphoneos*]" = "iPhone Developer";
				COPY_PHASE_STRIP = NO;
				DEBUG_INFORMATION_FORMAT = dwarf;
				ENABLE_STRICT_OBJC_MSGSEND = YES;
				ENABLE_TESTABILITY = YES;
				GCC_C_LANGUAGE_STANDARD = gnu99;
				GCC_DYNAMIC_NO_PIC = NO;
				GCC_NO_COMMON_BLOCKS = YES;
				GCC_OPTIMIZATION_LEVEL = 0;
				GCC_PREPROCESSOR_DEFINITIONS = (
					"DEBUG=1",
					"$(inherited)",
				);
				GCC_WARN_64_TO_32_BIT_CONVERSION = YES;
				GCC_WARN_ABOUT_RETURN_TYPE = YES_ERROR;
				GCC_WARN_UNDECLARED_SELECTOR = YES;
				GCC_WARN_UNINITIALIZED_AUTOS = YES_AGGRESSIVE;
				GCC_WARN_UNUSED_FUNCTION = YES;
				GCC_WARN_UNUSED_VARIABLE = YES;
				IPHONEOS_DEPLOYMENT_TARGET = 9.3;
				MTL_ENABLE_DEBUG_INFO = YES;
				ONLY_ACTIVE_ARCH = YES;
				SDKROOT = iphoneos;
				SWIFT_OPTIMIZATION_LEVEL = "-Onone";
			};
			name = Debug;
		};
		53B17B181DB5DF1F00B8D448 /* Release */ = {
			isa = XCBuildConfiguration;
			buildSettings = {
				ALWAYS_SEARCH_USER_PATHS = NO;
				CLANG_ANALYZER_NONNULL = YES;
				CLANG_CXX_LANGUAGE_STANDARD = "gnu++0x";
				CLANG_CXX_LIBRARY = "libc++";
				CLANG_ENABLE_MODULES = YES;
				CLANG_ENABLE_OBJC_ARC = YES;
				CLANG_WARN_BOOL_CONVERSION = YES;
				CLANG_WARN_CONSTANT_CONVERSION = YES;
				CLANG_WARN_DIRECT_OBJC_ISA_USAGE = YES_ERROR;
				CLANG_WARN_EMPTY_BODY = YES;
				CLANG_WARN_ENUM_CONVERSION = YES;
				CLANG_WARN_INT_CONVERSION = YES;
				CLANG_WARN_OBJC_ROOT_CLASS = YES_ERROR;
				CLANG_WARN_UNREACHABLE_CODE = YES;
				CLANG_WARN__DUPLICATE_METHOD_MATCH = YES;
				"CODE_SIGN_IDENTITY[sdk=iphoneos*]" = "iPhone Developer";
				COPY_PHASE_STRIP = NO;
				DEBUG_INFORMATION_FORMAT = "dwarf-with-dsym";
				ENABLE_NS_ASSERTIONS = NO;
				ENABLE_STRICT_OBJC_MSGSEND = YES;
				GCC_C_LANGUAGE_STANDARD = gnu99;
				GCC_NO_COMMON_BLOCKS = YES;
				GCC_WARN_64_TO_32_BIT_CONVERSION = YES;
				GCC_WARN_ABOUT_RETURN_TYPE = YES_ERROR;
				GCC_WARN_UNDECLARED_SELECTOR = YES;
				GCC_WARN_UNINITIALIZED_AUTOS = YES_AGGRESSIVE;
				GCC_WARN_UNUSED_FUNCTION = YES;
				GCC_WARN_UNUSED_VARIABLE = YES;
				IPHONEOS_DEPLOYMENT_TARGET = 9.3;
				MTL_ENABLE_DEBUG_INFO = NO;
				SDKROOT = iphoneos;
				VALIDATE_PRODUCT = YES;
			};
			name = Release;
		};
		53B17B1A1DB5DF1F00B8D448 /* Debug */ = {
			isa = XCBuildConfiguration;
			baseConfigurationReference = 8D76D7C73182C1CBED04C6D4 /* Pods-ProlificLibrary.debug.xcconfig */;
			buildSettings = {
				ASSETCATALOG_COMPILER_APPICON_NAME = AppIcon;
				INFOPLIST_FILE = ProlificLibrary/Info.plist;
				LD_RUNPATH_SEARCH_PATHS = "$(inherited) @executable_path/Frameworks";
				PRODUCT_BUNDLE_IDENTIFIER = com.charleshkang.ProlificLibrary;
				PRODUCT_NAME = "$(TARGET_NAME)";
			};
			name = Debug;
		};
		53B17B1B1DB5DF1F00B8D448 /* Release */ = {
			isa = XCBuildConfiguration;
			baseConfigurationReference = D3FBF35EA4C32152F2DF1EC5 /* Pods-ProlificLibrary.release.xcconfig */;
			buildSettings = {
				ASSETCATALOG_COMPILER_APPICON_NAME = AppIcon;
				INFOPLIST_FILE = ProlificLibrary/Info.plist;
				LD_RUNPATH_SEARCH_PATHS = "$(inherited) @executable_path/Frameworks";
				PRODUCT_BUNDLE_IDENTIFIER = com.charleshkang.ProlificLibrary;
				PRODUCT_NAME = "$(TARGET_NAME)";
			};
			name = Release;
		};
		53B17B1D1DB5DF1F00B8D448 /* Debug */ = {
			isa = XCBuildConfiguration;
			baseConfigurationReference = AB080BFD501AF63C86E12498 /* Pods-ProlificLibraryTests.debug.xcconfig */;
			buildSettings = {
				BUNDLE_LOADER = "$(TEST_HOST)";
				INFOPLIST_FILE = ProlificLibraryTests/Info.plist;
				LD_RUNPATH_SEARCH_PATHS = "$(inherited) @executable_path/Frameworks @loader_path/Frameworks";
				PRODUCT_BUNDLE_IDENTIFIER = com.charleshkang.ProlificLibraryTests;
				PRODUCT_NAME = "$(TARGET_NAME)";
				TEST_HOST = "$(BUILT_PRODUCTS_DIR)/ProlificLibrary.app/ProlificLibrary";
			};
			name = Debug;
		};
		53B17B1E1DB5DF1F00B8D448 /* Release */ = {
			isa = XCBuildConfiguration;
			baseConfigurationReference = 7E0908402F5741397366461D /* Pods-ProlificLibraryTests.release.xcconfig */;
			buildSettings = {
				BUNDLE_LOADER = "$(TEST_HOST)";
				INFOPLIST_FILE = ProlificLibraryTests/Info.plist;
				LD_RUNPATH_SEARCH_PATHS = "$(inherited) @executable_path/Frameworks @loader_path/Frameworks";
				PRODUCT_BUNDLE_IDENTIFIER = com.charleshkang.ProlificLibraryTests;
				PRODUCT_NAME = "$(TARGET_NAME)";
				TEST_HOST = "$(BUILT_PRODUCTS_DIR)/ProlificLibrary.app/ProlificLibrary";
			};
			name = Release;
		};
/* End XCBuildConfiguration section */

/* Begin XCConfigurationList section */
		53B17AF71DB5DF1E00B8D448 /* Build configuration list for PBXProject "ProlificLibrary" */ = {
			isa = XCConfigurationList;
			buildConfigurations = (
				53B17B171DB5DF1F00B8D448 /* Debug */,
				53B17B181DB5DF1F00B8D448 /* Release */,
			);
			defaultConfigurationIsVisible = 0;
			defaultConfigurationName = Release;
		};
		53B17B191DB5DF1F00B8D448 /* Build configuration list for PBXNativeTarget "ProlificLibrary" */ = {
			isa = XCConfigurationList;
			buildConfigurations = (
				53B17B1A1DB5DF1F00B8D448 /* Debug */,
				53B17B1B1DB5DF1F00B8D448 /* Release */,
			);
			defaultConfigurationIsVisible = 0;
			defaultConfigurationName = Release;
		};
		53B17B1C1DB5DF1F00B8D448 /* Build configuration list for PBXNativeTarget "ProlificLibraryTests" */ = {
			isa = XCConfigurationList;
			buildConfigurations = (
				53B17B1D1DB5DF1F00B8D448 /* Debug */,
				53B17B1E1DB5DF1F00B8D448 /* Release */,
			);
			defaultConfigurationIsVisible = 0;
			defaultConfigurationName = Release;
		};
/* End XCConfigurationList section */
	};
	rootObject = 53B17AF41DB5DF1E00B8D448 /* Project object */;
}
