PODS:
  - Alamofire (3.5.1)
  - SwiftyJSON (2.4.0)

DEPENDENCIES:
  - Alamofire (~> 3.0)
  - SwiftyJSON (= 2.4.0)

SPEC CHECKSUMS:
  Alamofire: 0dfba1184a543e2aa160f4e39cac4e8aba48d223
  SwiftyJSON: 96918c1bf505efa50c4f72957018dd3452090c9c

PODFILE CHECKSUM: 9927a541e67bfad271e9bcb812a0ff5d849dc939

COCOAPODS: 1.0.1
